// !$*UTF8*$!
{
	archiveVersion = 1;
	classes = {
	};
	objectVersion = 46;
	objects = {

/* Begin PBXBuildFile section */
		1F02CABF1F3CB535004CB3B2 /* main.swift in Sources */ = {isa = PBXBuildFile; fileRef = 1F02CABE1F3CB535004CB3B2 /* main.swift */; };
		1F02CAC61F3CB55A004CB3B2 /* Math.swift in Sources */ = {isa = PBXBuildFile; fileRef = 1F02CAC51F3CB55A004CB3B2 /* Math.swift */; };
		1F21B7C21F7402C600EEC8A7 /* Sort.swift in Sources */ = {isa = PBXBuildFile; fileRef = 1F21B7C11F7402C600EEC8A7 /* Sort.swift */; };
		1F21B7C61F74098C00EEC8A7 /* TestCase.swift in Sources */ = {isa = PBXBuildFile; fileRef = 1F21B7C51F74098C00EEC8A7 /* TestCase.swift */; };
/* End PBXBuildFile section */

/* Begin PBXCopyFilesBuildPhase section */
		1F02CAB91F3CB535004CB3B2 /* CopyFiles */ = {
			isa = PBXCopyFilesBuildPhase;
			buildActionMask = 2147483647;
			dstPath = /usr/share/man/man1/;
			dstSubfolderSpec = 0;
			files = (
			);
			runOnlyForDeploymentPostprocessing = 1;
		};
/* End PBXCopyFilesBuildPhase section */

/* Begin PBXFileReference section */
		1F02CABB1F3CB535004CB3B2 /* Algorithms4InSwift */ = {isa = PBXFileReference; explicitFileType = "compiled.mach-o.executable"; includeInIndex = 0; path = Algorithms4InSwift; sourceTree = BUILT_PRODUCTS_DIR; };
		1F02CABE1F3CB535004CB3B2 /* main.swift */ = {isa = PBXFileReference; lastKnownFileType = sourcecode.swift; path = main.swift; sourceTree = "<group>"; };
		1F02CAC51F3CB55A004CB3B2 /* Math.swift */ = {isa = PBXFileReference; fileEncoding = 4; lastKnownFileType = sourcecode.swift; path = Math.swift; sourceTree = "<group>"; };
		1F21B7C11F7402C600EEC8A7 /* Sort.swift */ = {isa = PBXFileReference; fileEncoding = 4; lastKnownFileType = sourcecode.swift; path = Sort.swift; sourceTree = "<group>"; };
		1F21B7C51F74098C00EEC8A7 /* TestCase.swift */ = {isa = PBXFileReference; fileEncoding = 4; lastKnownFileType = sourcecode.swift; path = TestCase.swift; sourceTree = "<group>"; };
/* End PBXFileReference section */

/* Begin PBXFrameworksBuildPhase section */
		1F02CAB81F3CB535004CB3B2 /* Frameworks */ = {
			isa = PBXFrameworksBuildPhase;
			buildActionMask = 2147483647;
			files = (
			);
			runOnlyForDeploymentPostprocessing = 0;
		};
/* End PBXFrameworksBuildPhase section */

/* Begin PBXGroup section */
		1F02CAB21F3CB535004CB3B2 = {
			isa = PBXGroup;
			children = (
				1F02CABD1F3CB535004CB3B2 /* Algorithms4InSwift */,
				1F02CABC1F3CB535004CB3B2 /* Products */,
			);
			sourceTree = "<group>";
		};
		1F02CABC1F3CB535004CB3B2 /* Products */ = {
			isa = PBXGroup;
			children = (
				1F02CABB1F3CB535004CB3B2 /* Algorithms4InSwift */,
			);
			name = Products;
			sourceTree = "<group>";
		};
		1F02CABD1F3CB535004CB3B2 /* Algorithms4InSwift */ = {
			isa = PBXGroup;
			children = (
				1F02CABE1F3CB535004CB3B2 /* main.swift */,
				1F02CAC51F3CB55A004CB3B2 /* Math.swift */,
				1F21B7C01F74005200EEC8A7 /* Sort */,
				1F21B7C41F74098100EEC8A7 /* Test */,
			);
			path = Algorithms4InSwift;
			sourceTree = "<group>";
		};
		1F21B7C01F74005200EEC8A7 /* Sort */ = {
			isa = PBXGroup;
			children = (
				1F21B7C11F7402C600EEC8A7 /* Sort.swift */,
			);
			path = Sort;
			sourceTree = "<group>";
		};
		1F21B7C41F74098100EEC8A7 /* Test */ = {
			isa = PBXGroup;
			children = (
				1F21B7C51F74098C00EEC8A7 /* TestCase.swift */,
			);
			path = Test;
			sourceTree = "<group>";
		};
/* End PBXGroup section */

/* Begin PBXNativeTarget section */
		1F02CABA1F3CB535004CB3B2 /* Algorithms4InSwift */ = {
			isa = PBXNativeTarget;
			buildConfigurationList = 1F02CAC21F3CB535004CB3B2 /* Build configuration list for PBXNativeTarget "Algorithms4InSwift" */;
			buildPhases = (
				1F02CAB71F3CB535004CB3B2 /* Sources */,
				1F02CAB81F3CB535004CB3B2 /* Frameworks */,
				1F02CAB91F3CB535004CB3B2 /* CopyFiles */,
			);
			buildRules = (
			);
			dependencies = (
			);
			name = Algorithms4InSwift;
			productName = Algorithms4InSwift;
			productReference = 1F02CABB1F3CB535004CB3B2 /* Algorithms4InSwift */;
			productType = "com.apple.product-type.tool";
		};
/* End PBXNativeTarget section */

/* Begin PBXProject section */
		1F02CAB31F3CB535004CB3B2 /* Project object */ = {
			isa = PBXProject;
			attributes = {
				LastSwiftUpdateCheck = 0830;
				LastUpgradeCheck = 0830;
				ORGANIZATIONNAME = White;
				TargetAttributes = {
					1F02CABA1F3CB535004CB3B2 = {
						CreatedOnToolsVersion = 8.3.3;
						ProvisioningStyle = Automatic;
					};
				};
			};
			buildConfigurationList = 1F02CAB61F3CB535004CB3B2 /* Build configuration list for PBXProject "Algorithms4InSwift" */;
			compatibilityVersion = "Xcode 3.2";
			developmentRegion = English;
			hasScannedForEncodings = 0;
			knownRegions = (
				en,
			);
			mainGroup = 1F02CAB21F3CB535004CB3B2;
			productRefGroup = 1F02CABC1F3CB535004CB3B2 /* Products */;
			projectDirPath = "";
			projectRoot = "";
			targets = (
				1F02CABA1F3CB535004CB3B2 /* Algorithms4InSwift */,
			);
		};
/* End PBXProject section */

/* Begin PBXSourcesBuildPhase section */
		1F02CAB71F3CB535004CB3B2 /* Sources */ = {
			isa = PBXSourcesBuildPhase;
			buildActionMask = 2147483647;
			files = (
				1F02CABF1F3CB535004CB3B2 /* main.swift in Sources */,
				1F21B7C61F74098C00EEC8A7 /* TestCase.swift in Sources */,
				1F02CAC61F3CB55A004CB3B2 /* Math.swift in Sources */,
				1F21B7C21F7402C600EEC8A7 /* Sort.swift in Sources */,
			);
			runOnlyForDeploymentPostprocessing = 0;
		};
/* End PBXSourcesBuildPhase section */

/* Begin XCBuildConfiguration section */
		1F02CAC01F3CB535004CB3B2 /* Debug */ = {
			isa = XCBuildConfiguration;
			buildSettings = {
				ALWAYS_SEARCH_USER_PATHS = NO;
				CLANG_ANALYZER_NONNULL = YES;
				CLANG_ANALYZER_NUMBER_OBJECT_CONVERSION = YES_AGGRESSIVE;
				CLANG_CXX_LANGUAGE_STANDARD = "gnu++0x";
				CLANG_CXX_LIBRARY = "libc++";
				CLANG_ENABLE_MODULES = YES;
				CLANG_ENABLE_OBJC_ARC = YES;
				CLANG_WARN_BOOL_CONVERSION = YES;
				CLANG_WARN_CONSTANT_CONVERSION = YES;
				CLANG_WARN_DIRECT_OBJC_ISA_USAGE = YES_ERROR;
				CLANG_WARN_DOCUMENTATION_COMMENTS = YES;
				CLANG_WARN_EMPTY_BODY = YES;
				CLANG_WARN_ENUM_CONVERSION = YES;
				CLANG_WARN_INFINITE_RECURSION = YES;
				CLANG_WARN_INT_CONVERSION = YES;
				CLANG_WARN_OBJC_ROOT_CLASS = YES_ERROR;
				CLANG_WARN_SUSPICIOUS_MOVE = YES;
				CLANG_WARN_UNREACHABLE_CODE = YES;
				CLANG_WARN__DUPLICATE_METHOD_MATCH = YES;
				CODE_SIGN_IDENTITY = "-";
				COPY_PHASE_STRIP = NO;
				DEBUG_INFORMATION_FORMAT = dwarf;
				ENABLE_STRICT_OBJC_MSGSEND = YES;
				ENABLE_TESTABILITY = YES;
				GCC_C_LANGUAGE_STANDARD = gnu99;
				GCC_DYNAMIC_NO_PIC = NO;
				GCC_NO_COMMON_BLOCKS = YES;
				GCC_OPTIMIZATION_LEVEL = 0;
				GCC_PREPROCESSOR_DEFINITIONS = (
					"DEBUG=1",
					"$(inherited)",
				);
				GCC_WARN_64_TO_32_BIT_CONVERSION = YES;
				GCC_WARN_ABOUT_RETURN_TYPE = YES_ERROR;
				GCC_WARN_UNDECLARED_SELECTOR = YES;
				GCC_WARN_UNINITIALIZED_AUTOS = YES_AGGRESSIVE;
				GCC_WARN_UNUSED_FUNCTION = YES;
				GCC_WARN_UNUSED_VARIABLE = YES;
				MACOSX_DEPLOYMENT_TARGET = 10.12;
				MTL_ENABLE_DEBUG_INFO = YES;
				ONLY_ACTIVE_ARCH = YES;
				SDKROOT = macosx;
				SWIFT_OPTIMIZATION_LEVEL = "-Onone";
			};
			name = Debug;
		};
		1F02CAC11F3CB535004CB3B2 /* Release */ = {
			isa = XCBuildConfiguration;
			buildSettings = {
				ALWAYS_SEARCH_USER_PATHS = NO;
				CLANG_ANALYZER_NONNULL = YES;
				CLANG_ANALYZER_NUMBER_OBJECT_CONVERSION = YES_AGGRESSIVE;
				CLANG_CXX_LANGUAGE_STANDARD = "gnu++0x";
				CLANG_CXX_LIBRARY = "libc++";
				CLANG_ENABLE_MODULES = YES;
				CLANG_ENABLE_OBJC_ARC = YES;
				CLANG_WARN_BOOL_CONVERSION = YES;
				CLANG_WARN_CONSTANT_CONVERSION = YES;
				CLANG_WARN_DIRECT_OBJC_ISA_USAGE = YES_ERROR;
				CLANG_WARN_DOCUMENTATION_COMMENTS = YES;
				CLANG_WARN_EMPTY_BODY = YES;
				CLANG_WARN_ENUM_CONVERSION = YES;
				CLANG_WARN_INFINITE_RECURSION = YES;
				CLANG_WARN_INT_CONVERSION = YES;
				CLANG_WARN_OBJC_ROOT_CLASS = YES_ERROR;
				CLANG_WARN_SUSPICIOUS_MOVE = YES;
				CLANG_WARN_UNREACHABLE_CODE = YES;
				CLANG_WARN__DUPLICATE_METHOD_MATCH = YES;
				CODE_SIGN_IDENTITY = "-";
				COPY_PHASE_STRIP = NO;
				DEBUG_INFORMATION_FORMAT = "dwarf-with-dsym";
				ENABLE_NS_ASSERTIONS = NO;
				ENABLE_STRICT_OBJC_MSGSEND = YES;
				GCC_C_LANGUAGE_STANDARD = gnu99;
				GCC_NO_COMMON_BLOCKS = YES;
				GCC_WARN_64_TO_32_BIT_CONVERSION = YES;
				GCC_WARN_ABOUT_RETURN_TYPE = YES_ERROR;
				GCC_WARN_UNDECLARED_SELECTOR = YES;
				GCC_WARN_UNINITIALIZED_AUTOS = YES_AGGRESSIVE;
				GCC_WARN_UNUSED_FUNCTION = YES;
				GCC_WARN_UNUSED_VARIABLE = YES;
				MACOSX_DEPLOYMENT_TARGET = 10.12;
				MTL_ENABLE_DEBUG_INFO = NO;
				SDKROOT = macosx;
			};
			name = Release;
		};
		1F02CAC31F3CB535004CB3B2 /* Debug */ = {
			isa = XCBuildConfiguration;
			buildSettings = {
				PRODUCT_NAME = "$(TARGET_NAME)";
				SWIFT_VERSION = 3.0;
			};
			name = Debug;
		};
		1F02CAC41F3CB535004CB3B2 /* Release */ = {
			isa = XCBuildConfiguration;
			buildSettings = {
				PRODUCT_NAME = "$(TARGET_NAME)";
				SWIFT_VERSION = 3.0;
			};
			name = Release;
		};
/* End XCBuildConfiguration section */

/* Begin XCConfigurationList section */
		1F02CAB61F3CB535004CB3B2 /* Build configuration list for PBXProject "Algorithms4InSwift" */ = {
			isa = XCConfigurationList;
			buildConfigurations = (
				1F02CAC01F3CB535004CB3B2 /* Debug */,
				1F02CAC11F3CB535004CB3B2 /* Release */,
			);
			defaultConfigurationIsVisible = 0;
			defaultConfigurationName = Release;
		};
		1F02CAC21F3CB535004CB3B2 /* Build configuration list for PBXNativeTarget "Algorithms4InSwift" */ = {
			isa = XCConfigurationList;
			buildConfigurations = (
				1F02CAC31F3CB535004CB3B2 /* Debug */,
				1F02CAC41F3CB535004CB3B2 /* Release */,
			);
			defaultConfigurationIsVisible = 0;
			defaultConfigurationName = Release;
		};
/* End XCConfigurationList section */
	};
	rootObject = 1F02CAB31F3CB535004CB3B2 /* Project object */;
}
